
Microsoft Visual Studio Solution File, Format Version 12.00
# Visual Studio Version 16
VisualStudioVersion = 16.0.30907.101
MinimumVisualStudioVersion = 10.0.40219.1
Project("{FAE04EC0-301F-11D3-BF4B-00C04F79EFBC}") = "Multi_service_company_program", "Multi_service_company_program.csproj", "{DE439E84-4455-49CC-AB80-80C35FE8F4C1}"
EndProject
Global
	GlobalSection(SolutionConfigurationPlatforms) = preSolution
		Debug|Any CPU = Debug|Any CPU
		Release|Any CPU = Release|Any CPU
	EndGlobalSection
	GlobalSection(ProjectConfigurationPlatforms) = postSolution
		{DE439E84-4455-49CC-AB80-80C35FE8F4C1}.Debug|Any CPU.ActiveCfg = Debug|Any CPU
		{DE439E84-4455-49CC-AB80-80C35FE8F4C1}.Debug|Any CPU.Build.0 = Debug|Any CPU
		{DE439E84-4455-49CC-AB80-80C35FE8F4C1}.Release|Any CPU.ActiveCfg = Release|Any CPU
		{DE439E84-4455-49CC-AB80-80C35FE8F4C1}.Release|Any CPU.Build.0 = Release|Any CPU
	EndGlobalSection
	GlobalSection(SolutionProperties) = preSolution
		HideSolutionNode = FALSE
	EndGlobalSection
	GlobalSection(ExtensibilityGlobals) = postSolution
		SolutionGuid = {F720E4C5-B190-4DFF-A2F7-83EB82421929}
	EndGlobalSection
EndGlobal
